
Microsoft Visual Studio Solution File, Format Version 12.00
# Visual Studio Version 17
VisualStudioVersion = 17.14.37216.2 d17.14
MinimumVisualStudioVersion = 10.0.40219.1
Project("{FAE04EC0-301F-11D3-BF4B-00C04F79EFBC}") = "DisasterAPI", "DisasterAPI.csproj", "{B7AE1AC2-EE27-477A-B1DD-7DD047199703}"
EndProject
Global
	GlobalSection(SolutionConfigurationPlatforms) = preSolution
		Debug|Any CPU = Debug|Any CPU
		Release|Any CPU = Release|Any CPU
	EndGlobalSection
	GlobalSection(ProjectConfigurationPlatforms) = postSolution
		{B7AE1AC2-EE27-477A-B1DD-7DD047199703}.Debug|Any CPU.ActiveCfg = Debug|Any CPU
		{B7AE1AC2-EE27-477A-B1DD-7DD047199703}.Debug|Any CPU.Build.0 = Debug|Any CPU
		{B7AE1AC2-EE27-477A-B1DD-7DD047199703}.Release|Any CPU.ActiveCfg = Release|Any CPU
		{B7AE1AC2-EE27-477A-B1DD-7DD047199703}.Release|Any CPU.Build.0 = Release|Any CPU
	EndGlobalSection
	GlobalSection(SolutionProperties) = preSolution
		HideSolutionNode = FALSE
	EndGlobalSection
	GlobalSection(ExtensibilityGlobals) = postSolution
		SolutionGuid = {D7F8DFB9-5CD5-4F6C-9A57-FB97AD774971}
	EndGlobalSection
EndGlobal
